dependencies:
- name: common
  repository: https://k8s-at-home.com/charts/
  version: 2.0.0
- name: postgresql
  repository: https://charts.bitnami.com/bitnami
  version: 10.2.0
- name: mariadb
  repository: https://charts.bitnami.com/bitnami
  version: 9.1.4
- name: influxdb
  repository: https://charts.bitnami.com/bitnami
  version: 1.1.4
digest: sha256:953c8bb7662d6e8e996b7b2234d527da8516d92f8d474c40b6146bc3f3018caf
generated: "2020-12-16T16:23:26.210631+01:00"
